
Microsoft Visual Studio Solution File, Format Version 12.00
# Visual Studio Version 17
VisualStudioVersion = 17.5.002.0
MinimumVisualStudioVersion = 10.0.40219.1
Project("{9A19103F-16F7-4668-BE54-9A1E7A4F7556}") = "App.Cmd.Generator", "App.Cmd.Generator\App.Cmd.Generator.csproj", "{FB31CD67-CB19-4E57-9348-EB8147FD10F7}"
EndProject
Project("{FAE04EC0-301F-11D3-BF4B-00C04F79EFBC}") = "Foundation", "Foundation\Foundation.csproj", "{8AEF1221-5F25-4CC6-97A9-845FFBF09226}"
EndProject
Project("{FAE04EC0-301F-11D3-BF4B-00C04F79EFBC}") = "Business", "Business\Business.csproj", "{CF12B459-87DC-4857-925C-825F6ABCF50A}"
EndProject
Project("{FAE04EC0-301F-11D3-BF4B-00C04F79EFBC}") = "App.Cmd.Sorter", "App.Cmd.Sorter\App.Cmd.Sorter.csproj", "{39DD3648-BE5A-41C1-8B5D-E5C2664D567C}"
EndProject
Project("{FAE04EC0-301F-11D3-BF4B-00C04F79EFBC}") = "Business.Tests", "Business.Tests\Business.Tests.csproj", "{651ACBCA-884B-4336-B344-06C1E8BFB32C}"
EndProject
Global
	GlobalSection(SolutionConfigurationPlatforms) = preSolution
		Debug|Any CPU = Debug|Any CPU
		Release|Any CPU = Release|Any CPU
	EndGlobalSection
	GlobalSection(ProjectConfigurationPlatforms) = postSolution
		{FB31CD67-CB19-4E57-9348-EB8147FD10F7}.Debug|Any CPU.ActiveCfg = Debug|Any CPU
		{FB31CD67-CB19-4E57-9348-EB8147FD10F7}.Debug|Any CPU.Build.0 = Debug|Any CPU
		{FB31CD67-CB19-4E57-9348-EB8147FD10F7}.Release|Any CPU.ActiveCfg = Release|Any CPU
		{FB31CD67-CB19-4E57-9348-EB8147FD10F7}.Release|Any CPU.Build.0 = Release|Any CPU
		{8AEF1221-5F25-4CC6-97A9-845FFBF09226}.Debug|Any CPU.ActiveCfg = Debug|Any CPU
		{8AEF1221-5F25-4CC6-97A9-845FFBF09226}.Debug|Any CPU.Build.0 = Debug|Any CPU
		{8AEF1221-5F25-4CC6-97A9-845FFBF09226}.Release|Any CPU.ActiveCfg = Release|Any CPU
		{8AEF1221-5F25-4CC6-97A9-845FFBF09226}.Release|Any CPU.Build.0 = Release|Any CPU
		{CF12B459-87DC-4857-925C-825F6ABCF50A}.Debug|Any CPU.ActiveCfg = Debug|Any CPU
		{CF12B459-87DC-4857-925C-825F6ABCF50A}.Debug|Any CPU.Build.0 = Debug|Any CPU
		{CF12B459-87DC-4857-925C-825F6ABCF50A}.Release|Any CPU.ActiveCfg = Release|Any CPU
		{CF12B459-87DC-4857-925C-825F6ABCF50A}.Release|Any CPU.Build.0 = Release|Any CPU
		{39DD3648-BE5A-41C1-8B5D-E5C2664D567C}.Debug|Any CPU.ActiveCfg = Debug|Any CPU
		{39DD3648-BE5A-41C1-8B5D-E5C2664D567C}.Debug|Any CPU.Build.0 = Debug|Any CPU
		{39DD3648-BE5A-41C1-8B5D-E5C2664D567C}.Release|Any CPU.ActiveCfg = Release|Any CPU
		{39DD3648-BE5A-41C1-8B5D-E5C2664D567C}.Release|Any CPU.Build.0 = Release|Any CPU
		{651ACBCA-884B-4336-B344-06C1E8BFB32C}.Debug|Any CPU.ActiveCfg = Debug|Any CPU
		{651ACBCA-884B-4336-B344-06C1E8BFB32C}.Debug|Any CPU.Build.0 = Debug|Any CPU
		{651ACBCA-884B-4336-B344-06C1E8BFB32C}.Release|Any CPU.ActiveCfg = Release|Any CPU
		{651ACBCA-884B-4336-B344-06C1E8BFB32C}.Release|Any CPU.Build.0 = Release|Any CPU
	EndGlobalSection
	GlobalSection(SolutionProperties) = preSolution
		HideSolutionNode = FALSE
	EndGlobalSection
	GlobalSection(ExtensibilityGlobals) = postSolution
		SolutionGuid = {E325F848-9882-4158-AA55-23D98B4FC29F}
	EndGlobalSection
EndGlobal
